{
  "name": "serverless-awscredentials",
  "version": "1.0.0",
  "lockfileVersion": 1,
  "requires": true,
  "dependencies": {
    "config-ini-parser": {
      "version": "1.3.4",
      "resolved": "https://registry.npmjs.org/config-ini-parser/-/config-ini-parser-1.3.4.tgz",
      "integrity": "sha512-KXpE95w6LZIkoP9X6qo+txS0uKnQi5D9fRSpskFevyras3j3PxIWOrd0TyJOtGcw7lJ9w0szpoEba1WkCl26Lg=="
    }
  }
}
